
Microsoft Visual Studio Solution File, Format Version 12.00
# Visual Studio Version 16
VisualStudioVersion = 16.0.30011.22
MinimumVisualStudioVersion = 10.0.40219.1
Project("{FAE04EC0-301F-11D3-BF4B-00C04F79EFBC}") = "macrocams", "macrocams.csproj", "{DBDCDFF1-A3BC-425B-81BB-84BCA827D91E}"
EndProject
Global
	GlobalSection(SolutionConfigurationPlatforms) = preSolution
		Debug|Any CPU = Debug|Any CPU
		Release|Any CPU = Release|Any CPU
	EndGlobalSection
	GlobalSection(ProjectConfigurationPlatforms) = postSolution
		{DBDCDFF1-A3BC-425B-81BB-84BCA827D91E}.Debug|Any CPU.ActiveCfg = Debug|Any CPU
		{DBDCDFF1-A3BC-425B-81BB-84BCA827D91E}.Debug|Any CPU.Build.0 = Debug|Any CPU
		{DBDCDFF1-A3BC-425B-81BB-84BCA827D91E}.Release|Any CPU.ActiveCfg = Release|Any CPU
		{DBDCDFF1-A3BC-425B-81BB-84BCA827D91E}.Release|Any CPU.Build.0 = Release|Any CPU
	EndGlobalSection
	GlobalSection(SolutionProperties) = preSolution
		HideSolutionNode = FALSE
	EndGlobalSection
	GlobalSection(ExtensibilityGlobals) = postSolution
		SolutionGuid = {2AB4CDEC-13E9-4C8E-BD71-E4F05998904B}
	EndGlobalSection
EndGlobal
